
Microsoft Visual Studio Solution File, Format Version 12.00
# Visual Studio Version 16
VisualStudioVersion = 16.0.34601.136
MinimumVisualStudioVersion = 10.0.40219.1
Project("{FAE04EC0-301F-11D3-BF4B-00C04F79EFBC}") = "Cabardo-Prelim", "Cabardo-Prelim.csproj", "{D0F2FE8E-5F09-4BA5-9C20-36EC5233025D}"
EndProject
Global
	GlobalSection(SolutionConfigurationPlatforms) = preSolution
		Debug|Any CPU = Debug|Any CPU
		Release|Any CPU = Release|Any CPU
	EndGlobalSection
	GlobalSection(ProjectConfigurationPlatforms) = postSolution
		{D0F2FE8E-5F09-4BA5-9C20-36EC5233025D}.Debug|Any CPU.ActiveCfg = Debug|Any CPU
		{D0F2FE8E-5F09-4BA5-9C20-36EC5233025D}.Debug|Any CPU.Build.0 = Debug|Any CPU
		{D0F2FE8E-5F09-4BA5-9C20-36EC5233025D}.Release|Any CPU.ActiveCfg = Release|Any CPU
		{D0F2FE8E-5F09-4BA5-9C20-36EC5233025D}.Release|Any CPU.Build.0 = Release|Any CPU
	EndGlobalSection
	GlobalSection(SolutionProperties) = preSolution
		HideSolutionNode = FALSE
	EndGlobalSection
	GlobalSection(ExtensibilityGlobals) = postSolution
		SolutionGuid = {28D8E167-9C8B-4292-9FFD-B97DBFE96AD1}
	EndGlobalSection
EndGlobal
